{
  "version": 4,
  "terraform_version": "1.9.8",
  "serial": 25,
  "lineage": "7255b26a-0a9d-61a5-7b0a-57964c9087c5",
  "outputs": {},
  "resources": [
    {
      "mode": "data",
      "type": "aws_ami",
      "name": "ubuntu",
      "provider": "provider[\"registry.terraform.io/hashicorp/aws\"]",
      "instances": [
        {
          "schema_version": 0,
          "attributes": {
            "allow_unsafe_filter": null,
            "architecture": "x86_64",
            "arn": "arn:aws:ec2:eu-west-1::image/ami-0be2988e4d5a5c301",
            "block_device_mappings": [
              {
                "device_name": "/dev/sda1",
                "ebs": {
                  "delete_on_termination": "true",
                  "encrypted": "false",
                  "iops": "0",
                  "snapshot_id": "snap-08de65bb179eeb5c1",
                  "throughput": "0",
                  "volume_initialization_rate": "0",
                  "volume_size": "8",
                  "volume_type": "gp2"
                },
                "no_device": "",
                "virtual_name": ""
              },
              {
                "device_name": "/dev/sdb",
                "ebs": {},
                "no_device": "",
                "virtual_name": "ephemeral0"
              },
              {
                "device_name": "/dev/sdc",
                "ebs": {},
                "no_device": "",
                "virtual_name": "ephemeral1"
              }
            ],
            "boot_mode": "uefi-preferred",
            "creation_date": "2025-11-22T06:49:12.000Z",
            "deprecation_time": "2027-11-22T06:49:12.000Z",
            "description": "Canonical, Ubuntu, 22.04, amd64 jammy image",
            "ena_support": true,
            "executable_users": null,
            "filter": [
              {
                "name": "name",
                "values": [
                  "ubuntu/images/hvm-ssd/ubuntu-jammy-22.04-amd64-server-*"
                ]
              },
              {
                "name": "virtualization-type",
                "values": [
                  "hvm"
                ]
              }
            ],
            "hypervisor": "xen",
            "id": "ami-0be2988e4d5a5c301",
            "image_id": "ami-0be2988e4d5a5c301",
            "image_location": "amazon/ubuntu/images/hvm-ssd/ubuntu-jammy-22.04-amd64-server-20251122",
            "image_owner_alias": "amazon",
            "image_type": "machine",
            "imds_support": "",
            "include_deprecated": false,
            "kernel_id": "",
            "last_launched_time": "",
            "most_recent": true,
            "name": "ubuntu/images/hvm-ssd/ubuntu-jammy-22.04-amd64-server-20251122",
            "name_regex": null,
            "owner_id": "099720109477",
            "owners": [
              "099720109477"
            ],
            "platform": "",
            "platform_details": "Linux/UNIX",
            "product_codes": [],
            "public": true,
            "ramdisk_id": "",
            "region": "eu-west-1",
            "root_device_name": "/dev/sda1",
            "root_device_type": "ebs",
            "root_snapshot_id": "snap-08de65bb179eeb5c1",
            "sriov_net_support": "simple",
            "state": "available",
            "state_reason": {
              "code": "UNSET",
              "message": "UNSET"
            },
            "tags": {},
            "timeouts": null,
            "tpm_support": "",
            "uefi_data": null,
            "usage_operation": "RunInstances",
            "virtualization_type": "hvm"
          },
          "sensitive_attributes": []
        }
      ]
    },
    {
      "mode": "data",
      "type": "aws_availability_zones",
      "name": "available",
      "provider": "provider[\"registry.terraform.io/hashicorp/aws\"]",
      "instances": [
        {
          "schema_version": 0,
          "attributes": {
            "all_availability_zones": null,
            "exclude_names": null,
            "exclude_zone_ids": null,
            "filter": null,
            "group_names": [
              "eu-west-1-zg-1"
            ],
            "id": "eu-west-1",
            "names": [
              "eu-west-1a",
              "eu-west-1b",
              "eu-west-1c"
            ],
            "region": "eu-west-1",
            "state": "available",
            "timeouts": null,
            "zone_ids": [
              "euw1-az2",
              "euw1-az3",
              "euw1-az1"
            ]
          },
          "sensitive_attributes": []
        }
      ]
    },
    {
      "mode": "data",
      "type": "aws_caller_identity",
      "name": "current",
      "provider": "provider[\"registry.terraform.io/hashicorp/aws\"]",
      "instances": [
        {
          "schema_version": 0,
          "attributes": {
            "account_id": "901465080034",
            "arn": "arn:aws:iam::901465080034:user/gha-ecr-pusher",
            "id": "901465080034",
            "user_id": "AIDA5DY4BQDRMPXGUZRIO"
          },
          "sensitive_attributes": []
        }
      ]
    },
    {
      "mode": "managed",
      "type": "aws_cloudwatch_log_group",
      "name": "orbitatlas3d_dev",
      "provider": "provider[\"registry.terraform.io/hashicorp/aws\"]",
      "instances": [
        {
          "schema_version": 0,
          "attributes": {
            "arn": "arn:aws:logs:eu-west-1:901465080034:log-group:/ec2/orbitatlas3d-dev",
            "id": "/ec2/orbitatlas3d-dev",
            "kms_key_id": "",
            "log_group_class": "STANDARD",
            "name": "/ec2/orbitatlas3d-dev",
            "name_prefix": "",
            "region": "eu-west-1",
            "retention_in_days": 7,
            "skip_destroy": false,
            "tags": {
              "Environment": "dev",
              "Name": "orbitatlas3d-dev-logs",
              "Project": "OrbitAtlas3D"
            },
            "tags_all": {
              "Environment": "dev",
              "Name": "orbitatlas3d-dev-logs",
              "Project": "OrbitAtlas3D"
            }
          },
          "sensitive_attributes": [],
          "private": "bnVsbA=="
        }
      ]
    },
    {
      "mode": "managed",
      "type": "aws_iam_instance_profile",
      "name": "ec2_cloudwatch_profile",
      "provider": "provider[\"registry.terraform.io/hashicorp/aws\"]",
      "instances": [
        {
          "schema_version": 0,
          "attributes": {
            "arn": "arn:aws:iam::901465080034:instance-profile/orbitatlas3d-dev-ec2-cloudwatch-profile",
            "create_date": "2025-12-01T16:52:06Z",
            "id": "orbitatlas3d-dev-ec2-cloudwatch-profile",
            "name": "orbitatlas3d-dev-ec2-cloudwatch-profile",
            "name_prefix": "",
            "path": "/",
            "role": "orbitatlas3d-dev-ec2-cloudwatch-role",
            "tags": {
              "Environment": "dev",
              "Project": "OrbitAtlas3D"
            },
            "tags_all": {
              "Environment": "dev",
              "Project": "OrbitAtlas3D"
            },
            "unique_id": "AIPA5DY4BQDRHD3K66YLV"
          },
          "sensitive_attributes": [],
          "private": "bnVsbA==",
          "dependencies": [
            "aws_iam_role.ec2_cloudwatch_role"
          ]
        }
      ]
    },
    {
      "mode": "managed",
      "type": "aws_iam_role",
      "name": "ec2_cloudwatch_role",
      "provider": "provider[\"registry.terraform.io/hashicorp/aws\"]",
      "instances": [
        {
          "schema_version": 0,
          "attributes": {
            "arn": "arn:aws:iam::901465080034:role/orbitatlas3d-dev-ec2-cloudwatch-role",
            "assume_role_policy": "{\"Statement\":[{\"Action\":\"sts:AssumeRole\",\"Effect\":\"Allow\",\"Principal\":{\"Service\":\"ec2.amazonaws.com\"}}],\"Version\":\"2012-10-17\"}",
            "create_date": "2025-12-01T16:52:05Z",
            "description": "",
            "force_detach_policies": false,
            "id": "orbitatlas3d-dev-ec2-cloudwatch-role",
            "inline_policy": [],
            "managed_policy_arns": [],
            "max_session_duration": 3600,
            "name": "orbitatlas3d-dev-ec2-cloudwatch-role",
            "name_prefix": "",
            "path": "/",
            "permissions_boundary": "",
            "tags": {
              "Environment": "dev",
              "Project": "OrbitAtlas3D"
            },
            "tags_all": {
              "Environment": "dev",
              "Project": "OrbitAtlas3D"
            },
            "unique_id": "AROA5DY4BQDRGHKC6UZO3"
          },
          "sensitive_attributes": [],
          "private": "bnVsbA=="
        }
      ]
    },
    {
      "mode": "managed",
      "type": "aws_iam_role_policy",
      "name": "ec2_cloudwatch_policy",
      "provider": "provider[\"registry.terraform.io/hashicorp/aws\"]",
      "instances": [
        {
          "status": "tainted",
          "schema_version": 0,
          "attributes": {
            "id": "orbitatlas3d-dev-ec2-cloudwatch-role:orbitatlas3d-dev-ec2-cloudwatch-policy",
            "name": "orbitatlas3d-dev-ec2-cloudwatch-policy",
            "name_prefix": null,
            "policy": "{\"Version\":\"2012-10-17\",\"Statement\":[{\"Action\":[\"logs:CreateLogGroup\",\"logs:CreateLogStream\",\"logs:PutLogEvents\",\"logs:DescribeLogStreams\"],\"Effect\":\"Allow\",\"Resource\":[\"arn:aws:logs:eu-west-1:901465080034:log-group:/ec2/orbitatlas3d-dev\",\"arn:aws:logs:eu-west-1:901465080034:log-group:/ec2/orbitatlas3d-dev:*\"]}]}",
            "role": "orbitatlas3d-dev-ec2-cloudwatch-role"
          },
          "sensitive_attributes": [],
          "private": "bnVsbA==",
          "dependencies": [
            "aws_cloudwatch_log_group.orbitatlas3d_dev",
            "aws_iam_role.ec2_cloudwatch_role"
          ]
        }
      ]
    },
    {
      "mode": "managed",
      "type": "aws_instance",
      "name": "orbit_server",
      "provider": "provider[\"registry.terraform.io/hashicorp/aws\"]",
      "instances": [
        {
          "schema_version": 2,
          "attributes": {
            "ami": "ami-0be2988e4d5a5c301",
            "arn": "arn:aws:ec2:eu-west-1:901465080034:instance/i-09d9097ee35c40cd6",
            "associate_public_ip_address": true,
            "availability_zone": "eu-west-1a",
            "capacity_reservation_specification": [
              {
                "capacity_reservation_preference": "open",
                "capacity_reservation_target": []
              }
            ],
            "cpu_options": [
              {
                "amd_sev_snp": "",
                "core_count": 1,
                "threads_per_core": 2
              }
            ],
            "credit_specification": [
              {
                "cpu_credits": "unlimited"
              }
            ],
            "disable_api_stop": false,
            "disable_api_termination": false,
            "ebs_block_device": [],
            "ebs_optimized": false,
            "enable_primary_ipv6": null,
            "enclave_options": [
              {
                "enabled": false
              }
            ],
            "ephemeral_block_device": [],
            "force_destroy": false,
            "get_password_data": false,
            "hibernation": false,
            "host_id": "",
            "host_resource_group_arn": null,
            "iam_instance_profile": "orbitatlas3d-dev-ec2-cloudwatch-profile",
            "id": "i-09d9097ee35c40cd6",
            "instance_initiated_shutdown_behavior": "stop",
            "instance_lifecycle": "",
            "instance_market_options": [],
            "instance_state": "running",
            "instance_type": "t3.small",
            "ipv6_address_count": 0,
            "ipv6_addresses": [],
            "key_name": "",
            "launch_template": [],
            "maintenance_options": [
              {
                "auto_recovery": "default"
              }
            ],
            "metadata_options": [
              {
                "http_endpoint": "enabled",
                "http_protocol_ipv6": "disabled",
                "http_put_response_hop_limit": 1,
                "http_tokens": "optional",
                "instance_metadata_tags": "disabled"
              }
            ],
            "monitoring": false,
            "network_interface": [],
            "outpost_arn": "",
            "password_data": "",
            "placement_group": "",
            "placement_group_id": "",
            "placement_partition_number": 0,
            "primary_network_interface": [
              {
                "delete_on_termination": true,
                "network_interface_id": "eni-01eae5cc796c5e039"
              }
            ],
            "primary_network_interface_id": "eni-01eae5cc796c5e039",
            "private_dns": "ip-10-20-1-181.eu-west-1.compute.internal",
            "private_dns_name_options": [
              {
                "enable_resource_name_dns_a_record": false,
                "enable_resource_name_dns_aaaa_record": false,
                "hostname_type": "ip-name"
              }
            ],
            "private_ip": "10.20.1.181",
            "public_dns": "ec2-34-243-14-105.eu-west-1.compute.amazonaws.com",
            "public_ip": "34.243.14.105",
            "region": "eu-west-1",
            "root_block_device": [
              {
                "delete_on_termination": true,
                "device_name": "/dev/sda1",
                "encrypted": false,
                "iops": 100,
                "kms_key_id": "",
                "tags": {},
                "tags_all": {},
                "throughput": 0,
                "volume_id": "vol-072097ebe048d6ad9",
                "volume_size": 8,
                "volume_type": "gp2"
              }
            ],
            "secondary_private_ips": [],
            "security_groups": [],
            "source_dest_check": true,
            "spot_instance_request_id": "",
            "subnet_id": "subnet-0bd892343ff697b05",
            "tags": {
              "Environment": "dev",
              "Name": "orbitatlas3d-dev-server",
              "Project": "OrbitAtlas3D"
            },
            "tags_all": {
              "Environment": "dev",
              "Name": "orbitatlas3d-dev-server",
              "Project": "OrbitAtlas3D"
            },
            "tenancy": "default",
            "timeouts": null,
            "user_data": "#!/bin/bash\nset -e\n\nexport DEBIAN_FRONTEND=noninteractive\n\napt-get update -y\napt-get install -y docker.io git docker-compose-plugin\n\nsystemctl enable docker\nsystemctl start docker\n\ncd /opt\nif [ ! -d \"orbitatlas3d\" ]; then\n  git clone \"https://github.com/uydev/orbitatlas3d.git\" orbitatlas3d\nfi\n\ncd orbitatlas3d/orbitatlas-3d/infra/docker\n\ndocker compose pull || true\ndocker compose up -d --build\n",
            "user_data_base64": null,
            "user_data_replace_on_change": false,
            "volume_tags": null,
            "vpc_security_group_ids": [
              "sg-0c2899b20553e4b88"
            ]
          },
          "sensitive_attributes": [],
          "private": "eyJlMmJmYjczMC1lY2FhLTExZTYtOGY4OC0zNDM2M2JjN2M0YzAiOnsiY3JlYXRlIjo2MDAwMDAwMDAwMDAsImRlbGV0ZSI6MTIwMDAwMDAwMDAwMCwicmVhZCI6OTAwMDAwMDAwMDAwLCJ1cGRhdGUiOjYwMDAwMDAwMDAwMH0sInNjaGVtYV92ZXJzaW9uIjoiMiJ9",
          "dependencies": [
            "aws_iam_instance_profile.ec2_cloudwatch_profile",
            "aws_iam_role.ec2_cloudwatch_role",
            "aws_internet_gateway.orbit_igw",
            "aws_route_table.orbit_public_rt",
            "aws_route_table_association.orbit_public_rta",
            "aws_security_group.orbit_sg",
            "aws_subnet.orbit_public_subnet",
            "aws_vpc.orbit_vpc",
            "data.aws_ami.ubuntu",
            "data.aws_availability_zones.available",
            "data.aws_caller_identity.current",
            "null_resource.verify_account"
          ]
        }
      ]
    },
    {
      "mode": "managed",
      "type": "aws_internet_gateway",
      "name": "orbit_igw",
      "provider": "provider[\"registry.terraform.io/hashicorp/aws\"]",
      "instances": [
        {
          "schema_version": 0,
          "attributes": {
            "arn": "arn:aws:ec2:eu-west-1:901465080034:internet-gateway/igw-089764d5a0dd78af1",
            "id": "igw-089764d5a0dd78af1",
            "owner_id": "901465080034",
            "region": "eu-west-1",
            "tags": {
              "Environment": "dev",
              "Name": "orbitatlas3d-dev-igw",
              "Project": "OrbitAtlas3D"
            },
            "tags_all": {
              "Environment": "dev",
              "Name": "orbitatlas3d-dev-igw",
              "Project": "OrbitAtlas3D"
            },
            "timeouts": null,
            "vpc_id": "vpc-06cf5fbdbc8a79209"
          },
          "sensitive_attributes": [],
          "private": "eyJlMmJmYjczMC1lY2FhLTExZTYtOGY4OC0zNDM2M2JjN2M0YzAiOnsiY3JlYXRlIjoxMjAwMDAwMDAwMDAwLCJkZWxldGUiOjEyMDAwMDAwMDAwMDAsInVwZGF0ZSI6MTIwMDAwMDAwMDAwMH19",
          "dependencies": [
            "aws_vpc.orbit_vpc",
            "data.aws_caller_identity.current",
            "null_resource.verify_account"
          ]
        }
      ]
    },
    {
      "mode": "managed",
      "type": "aws_route_table",
      "name": "orbit_public_rt",
      "provider": "provider[\"registry.terraform.io/hashicorp/aws\"]",
      "instances": [
        {
          "schema_version": 0,
          "attributes": {
            "arn": "arn:aws:ec2:eu-west-1:901465080034:route-table/rtb-0676ff46df40738d7",
            "id": "rtb-0676ff46df40738d7",
            "owner_id": "901465080034",
            "propagating_vgws": [],
            "region": "eu-west-1",
            "route": [
              {
                "carrier_gateway_id": "",
                "cidr_block": "0.0.0.0/0",
                "core_network_arn": "",
                "destination_prefix_list_id": "",
                "egress_only_gateway_id": "",
                "gateway_id": "igw-089764d5a0dd78af1",
                "ipv6_cidr_block": "",
                "local_gateway_id": "",
                "nat_gateway_id": "",
                "network_interface_id": "",
                "transit_gateway_id": "",
                "vpc_endpoint_id": "",
                "vpc_peering_connection_id": ""
              }
            ],
            "tags": {
              "Environment": "dev",
              "Name": "orbitatlas3d-dev-public-rt",
              "Project": "OrbitAtlas3D"
            },
            "tags_all": {
              "Environment": "dev",
              "Name": "orbitatlas3d-dev-public-rt",
              "Project": "OrbitAtlas3D"
            },
            "timeouts": null,
            "vpc_id": "vpc-06cf5fbdbc8a79209"
          },
          "sensitive_attributes": [],
          "private": "eyJlMmJmYjczMC1lY2FhLTExZTYtOGY4OC0zNDM2M2JjN2M0YzAiOnsiY3JlYXRlIjozMDAwMDAwMDAwMDAsImRlbGV0ZSI6MzAwMDAwMDAwMDAwLCJ1cGRhdGUiOjEyMDAwMDAwMDAwMH19",
          "dependencies": [
            "aws_internet_gateway.orbit_igw",
            "aws_vpc.orbit_vpc",
            "data.aws_caller_identity.current",
            "null_resource.verify_account"
          ]
        }
      ]
    },
    {
      "mode": "managed",
      "type": "aws_route_table_association",
      "name": "orbit_public_rta",
      "provider": "provider[\"registry.terraform.io/hashicorp/aws\"]",
      "instances": [
        {
          "schema_version": 0,
          "attributes": {
            "gateway_id": "",
            "id": "rtbassoc-0e6b885318fe79a09",
            "region": "eu-west-1",
            "route_table_id": "rtb-0676ff46df40738d7",
            "subnet_id": "subnet-0bd892343ff697b05",
            "timeouts": null
          },
          "sensitive_attributes": [],
          "private": "eyJlMmJmYjczMC1lY2FhLTExZTYtOGY4OC0zNDM2M2JjN2M0YzAiOnsiY3JlYXRlIjozMDAwMDAwMDAwMDAsImRlbGV0ZSI6MzAwMDAwMDAwMDAwLCJ1cGRhdGUiOjEyMDAwMDAwMDAwMH19",
          "dependencies": [
            "aws_internet_gateway.orbit_igw",
            "aws_route_table.orbit_public_rt",
            "aws_subnet.orbit_public_subnet",
            "aws_vpc.orbit_vpc",
            "data.aws_availability_zones.available",
            "data.aws_caller_identity.current",
            "null_resource.verify_account"
          ]
        }
      ]
    },
    {
      "mode": "managed",
      "type": "aws_security_group",
      "name": "orbit_sg",
      "provider": "provider[\"registry.terraform.io/hashicorp/aws\"]",
      "instances": [
        {
          "schema_version": 1,
          "attributes": {
            "arn": "arn:aws:ec2:eu-west-1:901465080034:security-group/sg-0c2899b20553e4b88",
            "description": "Security group for OrbitAtlas3D dev EC2 instance",
            "egress": [
              {
                "cidr_blocks": [
                  "0.0.0.0/0"
                ],
                "description": "Allow all outbound",
                "from_port": 0,
                "ipv6_cidr_blocks": [],
                "prefix_list_ids": [],
                "protocol": "-1",
                "security_groups": [],
                "self": false,
                "to_port": 0
              }
            ],
            "id": "sg-0c2899b20553e4b88",
            "ingress": [
              {
                "cidr_blocks": [
                  "0.0.0.0/0"
                ],
                "description": "API",
                "from_port": 8000,
                "ipv6_cidr_blocks": [],
                "prefix_list_ids": [],
                "protocol": "tcp",
                "security_groups": [],
                "self": false,
                "to_port": 8000
              },
              {
                "cidr_blocks": [
                  "0.0.0.0/0"
                ],
                "description": "HTTP",
                "from_port": 80,
                "ipv6_cidr_blocks": [],
                "prefix_list_ids": [],
                "protocol": "tcp",
                "security_groups": [],
                "self": false,
                "to_port": 80
              },
              {
                "cidr_blocks": [
                  "0.0.0.0/0"
                ],
                "description": "SSH",
                "from_port": 22,
                "ipv6_cidr_blocks": [],
                "prefix_list_ids": [],
                "protocol": "tcp",
                "security_groups": [],
                "self": false,
                "to_port": 22
              },
              {
                "cidr_blocks": [
                  "0.0.0.0/0"
                ],
                "description": "Vite dev / web",
                "from_port": 5173,
                "ipv6_cidr_blocks": [],
                "prefix_list_ids": [],
                "protocol": "tcp",
                "security_groups": [],
                "self": false,
                "to_port": 5173
              }
            ],
            "name": "orbitatlas3d-dev-sg",
            "name_prefix": "",
            "owner_id": "901465080034",
            "region": "eu-west-1",
            "revoke_rules_on_delete": false,
            "tags": {
              "Environment": "dev",
              "Name": "orbitatlas3d-dev-sg",
              "Project": "OrbitAtlas3D"
            },
            "tags_all": {
              "Environment": "dev",
              "Name": "orbitatlas3d-dev-sg",
              "Project": "OrbitAtlas3D"
            },
            "timeouts": null,
            "vpc_id": "vpc-06cf5fbdbc8a79209"
          },
          "sensitive_attributes": [],
          "private": "eyJlMmJmYjczMC1lY2FhLTExZTYtOGY4OC0zNDM2M2JjN2M0YzAiOnsiY3JlYXRlIjo2MDAwMDAwMDAwMDAsImRlbGV0ZSI6OTAwMDAwMDAwMDAwfSwic2NoZW1hX3ZlcnNpb24iOiIxIn0=",
          "dependencies": [
            "aws_vpc.orbit_vpc",
            "data.aws_caller_identity.current",
            "null_resource.verify_account"
          ]
        }
      ]
    },
    {
      "mode": "managed",
      "type": "aws_subnet",
      "name": "orbit_public_subnet",
      "provider": "provider[\"registry.terraform.io/hashicorp/aws\"]",
      "instances": [
        {
          "schema_version": 1,
          "attributes": {
            "arn": "arn:aws:ec2:eu-west-1:901465080034:subnet/subnet-0bd892343ff697b05",
            "assign_ipv6_address_on_creation": false,
            "availability_zone": "eu-west-1a",
            "availability_zone_id": "euw1-az2",
            "cidr_block": "10.20.1.0/24",
            "customer_owned_ipv4_pool": "",
            "enable_dns64": false,
            "enable_lni_at_device_index": 0,
            "enable_resource_name_dns_a_record_on_launch": false,
            "enable_resource_name_dns_aaaa_record_on_launch": false,
            "id": "subnet-0bd892343ff697b05",
            "ipv6_cidr_block": "",
            "ipv6_cidr_block_association_id": "",
            "ipv6_native": false,
            "map_customer_owned_ip_on_launch": false,
            "map_public_ip_on_launch": true,
            "outpost_arn": "",
            "owner_id": "901465080034",
            "private_dns_hostname_type_on_launch": "ip-name",
            "region": "eu-west-1",
            "tags": {
              "Environment": "dev",
              "Name": "orbitatlas3d-dev-public-subnet",
              "Project": "OrbitAtlas3D"
            },
            "tags_all": {
              "Environment": "dev",
              "Name": "orbitatlas3d-dev-public-subnet",
              "Project": "OrbitAtlas3D"
            },
            "timeouts": null,
            "vpc_id": "vpc-06cf5fbdbc8a79209"
          },
          "sensitive_attributes": [],
          "private": "eyJlMmJmYjczMC1lY2FhLTExZTYtOGY4OC0zNDM2M2JjN2M0YzAiOnsiY3JlYXRlIjo2MDAwMDAwMDAwMDAsImRlbGV0ZSI6MTIwMDAwMDAwMDAwMH0sInNjaGVtYV92ZXJzaW9uIjoiMSJ9",
          "dependencies": [
            "aws_vpc.orbit_vpc",
            "data.aws_availability_zones.available",
            "data.aws_caller_identity.current",
            "null_resource.verify_account"
          ]
        }
      ]
    },
    {
      "mode": "managed",
      "type": "aws_vpc",
      "name": "orbit_vpc",
      "provider": "provider[\"registry.terraform.io/hashicorp/aws\"]",
      "instances": [
        {
          "schema_version": 1,
          "attributes": {
            "arn": "arn:aws:ec2:eu-west-1:901465080034:vpc/vpc-06cf5fbdbc8a79209",
            "assign_generated_ipv6_cidr_block": false,
            "cidr_block": "10.20.0.0/16",
            "default_network_acl_id": "acl-02acd8260d2d02471",
            "default_route_table_id": "rtb-064f6094c25def013",
            "default_security_group_id": "sg-094ddd3439b7dbda0",
            "dhcp_options_id": "dopt-0b094248338704a75",
            "enable_dns_hostnames": true,
            "enable_dns_support": true,
            "enable_network_address_usage_metrics": false,
            "id": "vpc-06cf5fbdbc8a79209",
            "instance_tenancy": "default",
            "ipv4_ipam_pool_id": null,
            "ipv4_netmask_length": null,
            "ipv6_association_id": "",
            "ipv6_cidr_block": "",
            "ipv6_cidr_block_network_border_group": "",
            "ipv6_ipam_pool_id": "",
            "ipv6_netmask_length": 0,
            "main_route_table_id": "rtb-064f6094c25def013",
            "owner_id": "901465080034",
            "region": "eu-west-1",
            "tags": {
              "Environment": "dev",
              "Name": "orbitatlas3d-dev-vpc",
              "Project": "OrbitAtlas3D"
            },
            "tags_all": {
              "Environment": "dev",
              "Name": "orbitatlas3d-dev-vpc",
              "Project": "OrbitAtlas3D"
            }
          },
          "sensitive_attributes": [],
          "private": "eyJzY2hlbWFfdmVyc2lvbiI6IjEifQ==",
          "dependencies": [
            "data.aws_caller_identity.current",
            "null_resource.verify_account"
          ]
        }
      ]
    },
    {
      "mode": "managed",
      "type": "null_resource",
      "name": "verify_account",
      "provider": "provider[\"registry.terraform.io/hashicorp/null\"]",
      "instances": [
        {
          "schema_version": 0,
          "attributes": {
            "id": "3870282418822770627",
            "triggers": {
              "always_run": "2025-12-01T16:52:05Z"
            }
          },
          "sensitive_attributes": [],
          "dependencies": [
            "data.aws_caller_identity.current"
          ]
        }
      ]
    }
  ],
  "check_results": null
}
